# @generated - this file is auto-generated by `mise lock` https://mise.jdx.dev/dev-tools/mise-lock.html

lockfile_version = 2

[[tools.cabal]]
version = "3.18.1.0"
backend = "aqua:haskell/cabal/cabal-install"
specifiers = ["latest"]

[tools.cabal."platforms.linux-arm64"]
checksum = "sha256:b8333291622c0354d72adec64ccb19e13563264bae2c15c9e6657e7f9c1486e8"
url = "https://downloads.haskell.org/~cabal/cabal-install-3.18.1.0/cabal-install-3.18.1.0-aarch64-linux-unknown.tar.xz"

[tools.cabal."platforms.linux-arm64-musl"]
checksum = "sha256:b8333291622c0354d72adec64ccb19e13563264bae2c15c9e6657e7f9c1486e8"
url = "https://downloads.haskell.org/~cabal/cabal-install-3.18.1.0/cabal-install-3.18.1.0-aarch64-linux-unknown.tar.xz"

[tools.cabal."platforms.linux-x64"]
checksum = "sha256:c6385c155ff61f792dfed0e8c101004db63f8d8b556dd6c9838f81a012bf28a6"
url = "https://downloads.haskell.org/~cabal/cabal-install-3.18.1.0/cabal-install-3.18.1.0-x86_64-linux-unknown.tar.xz"

[tools.cabal."platforms.linux-x64-musl"]
checksum = "sha256:c6385c155ff61f792dfed0e8c101004db63f8d8b556dd6c9838f81a012bf28a6"
url = "https://downloads.haskell.org/~cabal/cabal-install-3.18.1.0/cabal-install-3.18.1.0-x86_64-linux-unknown.tar.xz"

[tools.cabal."platforms.macos-arm64"]
checksum = "sha256:c06fad68405466d45c60ed99839725b777f1f970a520b9cebc3cbe5acd603102"
url = "https://downloads.haskell.org/~cabal/cabal-install-3.18.1.0/cabal-install-3.18.1.0-aarch64-apple-darwin.tar.xz"

[tools.cabal."platforms.macos-x64"]
checksum = "sha256:63ae77e0df811af2a2d53cb2492bd5ab718c0830aafb9153b742dc18511584b2"
url = "https://downloads.haskell.org/~cabal/cabal-install-3.18.1.0/cabal-install-3.18.1.0-x86_64-apple-darwin.tar.xz"

[tools.cabal."platforms.windows-x64"]
checksum = "sha256:37dec26f188ff0f3e89a004dcfccdb4fece8db40a9a8688960f5818841956c77"
url = "https://downloads.haskell.org/~cabal/cabal-install-3.18.1.0/cabal-install-3.18.1.0-x86_64-mingw64.zip"

[[tools.dprint]]
version = "0.57.4"
backend = "aqua:dprint/dprint"
specifiers = ["latest"]

[tools.dprint."platforms.linux-arm64"]
checksum = "sha256:ff961314e7c1ca6a02eaada0e37920a37c668fbc09fd85838c2aced41a4bc0e4"
url = "https://github.com/dprint/dprint/releases/download/0.57.4/dprint-aarch64-unknown-linux-gnu.zip"
url_api = "https://api.github.com/repos/dprint/dprint/releases/assets/546351169"
provenance = "github-attestations"

[tools.dprint."platforms.linux-arm64-musl"]
checksum = "sha256:e1b713806f7f7b94072ba2b069aa19ac28f475dbb1fbc5b672d3030a2ab001ee"
url = "https://github.com/dprint/dprint/releases/download/0.57.4/dprint-aarch64-unknown-linux-musl.zip"
url_api = "https://api.github.com/repos/dprint/dprint/releases/assets/546351166"
provenance = "github-attestations"

[tools.dprint."platforms.linux-x64"]
checksum = "sha256:1d26357d8bc66898d4ecc7dafca3d2971cfe222ba487228bd2ce5c3b3a309c33"
url = "https://github.com/dprint/dprint/releases/download/0.57.4/dprint-x86_64-unknown-linux-gnu.zip"
url_api = "https://api.github.com/repos/dprint/dprint/releases/assets/546351175"
provenance = "github-attestations"

[tools.dprint."platforms.linux-x64-musl"]
checksum = "sha256:03f3e8002f9d952bf53325fc8853686d2e8808b9e5b652b215600ba147e73a5c"
url = "https://github.com/dprint/dprint/releases/download/0.57.4/dprint-x86_64-unknown-linux-musl.zip"
url_api = "https://api.github.com/repos/dprint/dprint/releases/assets/546351170"
provenance = "github-attestations"

[tools.dprint."platforms.macos-arm64"]
checksum = "sha256:f9e752812791f258e89ff88a7affd05c793b0db3d929718651eae7df5f19eb2e"
url = "https://github.com/dprint/dprint/releases/download/0.57.4/dprint-aarch64-apple-darwin.zip"
url_api = "https://api.github.com/repos/dprint/dprint/releases/assets/546351171"
provenance = "github-attestations"

[tools.dprint."platforms.macos-x64"]
checksum = "sha256:8978bd5d9a564ec19472545fb853da9ec468e024e75d39c3a9df9fd5750ecdfd"
url = "https://github.com/dprint/dprint/releases/download/0.57.4/dprint-x86_64-apple-darwin.zip"
url_api = "https://api.github.com/repos/dprint/dprint/releases/assets/546351172"
provenance = "github-attestations"

[tools.dprint."platforms.windows-x64"]
checksum = "sha256:1038af32fade7a79f9c3a690d9546bb17be13dd7b4568a3684692fdcb0a52a1d"
url = "https://github.com/dprint/dprint/releases/download/0.57.4/dprint-x86_64-pc-windows-msvc.zip"
url_api = "https://api.github.com/repos/dprint/dprint/releases/assets/546351162"
provenance = "github-attestations"

[[tools.ghc]]
version = "9.6.7"
backend = "mise-ghcup:ghc"
specifiers = ["9.6.7"]

[[tools.ghcup]]
version = "0.2.6.2"
backend = "aqua:haskell/ghcup-hs"
specifiers = ["latest"]

[tools.ghcup."platforms.linux-arm64"]
checksum = "sha256:65a5f05120288ee4f1a81d28825374b6af317456a351a586adfce90c6dc29e3b"
url = "https://downloads.haskell.org/~ghcup/0.2.6.2/aarch64-linux-ghcup-0.2.6.2"

[tools.ghcup."platforms.linux-arm64-musl"]
checksum = "sha256:65a5f05120288ee4f1a81d28825374b6af317456a351a586adfce90c6dc29e3b"
url = "https://downloads.haskell.org/~ghcup/0.2.6.2/aarch64-linux-ghcup-0.2.6.2"

[tools.ghcup."platforms.linux-x64"]
checksum = "sha256:9ed5da5449b48043a0d17e767c05d2ef585e25a639bb934329496c6d2fad9cf8"
url = "https://downloads.haskell.org/~ghcup/0.2.6.2/x86_64-linux-ghcup-0.2.6.2"

[tools.ghcup."platforms.linux-x64-musl"]
checksum = "sha256:9ed5da5449b48043a0d17e767c05d2ef585e25a639bb934329496c6d2fad9cf8"
url = "https://downloads.haskell.org/~ghcup/0.2.6.2/x86_64-linux-ghcup-0.2.6.2"

[tools.ghcup."platforms.macos-arm64"]
checksum = "sha256:4e521e008fe0813db6db4b91cfeebd0c44c80c68afb458ea32a1c94cf5c7cc1d"
url = "https://downloads.haskell.org/~ghcup/0.2.6.2/aarch64-apple-darwin-ghcup-0.2.6.2"

[tools.ghcup."platforms.macos-x64"]
checksum = "sha256:e713b9f213d7da01fa4791f39e04e0892b5c5f082d5a38712281f529bab88e56"
url = "https://downloads.haskell.org/~ghcup/0.2.6.2/x86_64-apple-darwin-ghcup-0.2.6.2"

[tools.ghcup."platforms.windows-x64"]
checksum = "sha256:94da902a2853b1de1df509d04da900a05258480759efdb4f654e66956b6f30db"
url = "https://downloads.haskell.org/~ghcup/0.2.6.2/x86_64-mingw64-ghcup-0.2.6.2.exe"

[[tools.hyperfine]]
version = "1.20.0"
backend = "aqua:sharkdp/hyperfine"
specifiers = ["latest"]

[tools.hyperfine."platforms.linux-arm64"]
checksum = "sha256:90875cb1db7a1d797c311174d061728361e58fc70e3b62262a00635ac3b1997c"
url = "https://github.com/sharkdp/hyperfine/releases/download/v1.20.0/hyperfine-v1.20.0-aarch64-unknown-linux-gnu.tar.gz"
url_api = "https://api.github.com/repos/sharkdp/hyperfine/releases/assets/317832112"

[tools.hyperfine."platforms.linux-x64"]
checksum = "sha256:63ad53934062118f5b0be11785e0bb1603d4b91667d1921f2fd8df9a8712040a"
url = "https://github.com/sharkdp/hyperfine/releases/download/v1.20.0/hyperfine-v1.20.0-x86_64-unknown-linux-gnu.tar.gz"
url_api = "https://api.github.com/repos/sharkdp/hyperfine/releases/assets/317831911"

[tools.hyperfine."platforms.linux-x64-musl"]
checksum = "sha256:3285ec7959285288137043dd81dce0dde056227018a8277532d9a364b4f03c2b"
url = "https://github.com/sharkdp/hyperfine/releases/download/v1.20.0/hyperfine-v1.20.0-x86_64-unknown-linux-musl.tar.gz"
url_api = "https://api.github.com/repos/sharkdp/hyperfine/releases/assets/317832008"

[tools.hyperfine."platforms.macos-arm64"]
checksum = "sha256:f58d0b90993fadfa122a351428c469ce24afef3865f027f0e6e86f0830d088f1"
url = "https://github.com/sharkdp/hyperfine/releases/download/v1.20.0/hyperfine-v1.20.0-x86_64-apple-darwin.tar.gz"
url_api = "https://api.github.com/repos/sharkdp/hyperfine/releases/assets/317832526"

[tools.hyperfine."platforms.macos-x64"]
checksum = "sha256:f58d0b90993fadfa122a351428c469ce24afef3865f027f0e6e86f0830d088f1"
url = "https://github.com/sharkdp/hyperfine/releases/download/v1.20.0/hyperfine-v1.20.0-x86_64-apple-darwin.tar.gz"
url_api = "https://api.github.com/repos/sharkdp/hyperfine/releases/assets/317832526"

[tools.hyperfine."platforms.windows-x64"]
checksum = "sha256:2508c549b049b1d4342d08edc1cb42bfac169082b6e3069431b5bab9822dbb32"
url = "https://github.com/sharkdp/hyperfine/releases/download/v1.20.0/hyperfine-v1.20.0-x86_64-pc-windows-msvc.zip"
url_api = "https://api.github.com/repos/sharkdp/hyperfine/releases/assets/317832313"

[[tools.rust]]
version = "1.98.1"
backend = "core:rust"
specifiers = ["latest"]

[tools.rust.options]
components = "clippy,rustfmt"

[[tools.tombi]]
version = "1.5.10"
backend = "aqua:tombi-toml/tombi"
specifiers = ["latest"]

[tools.tombi."platforms.linux-arm64"]
checksum = "sha256:055099d86273cffa12a36460dc43e9c23502313d43892e0f835b919ee6fdf77c"
url = "https://github.com/tombi-toml/tombi/releases/download/v1.5.10/tombi-cli-1.5.10-aarch64-unknown-linux-musl.tar.gz"
url_api = "https://api.github.com/repos/tombi-toml/tombi/releases/assets/599243074"
provenance = "github-attestations"

[tools.tombi."platforms.linux-arm64-musl"]
checksum = "sha256:055099d86273cffa12a36460dc43e9c23502313d43892e0f835b919ee6fdf77c"
url = "https://github.com/tombi-toml/tombi/releases/download/v1.5.10/tombi-cli-1.5.10-aarch64-unknown-linux-musl.tar.gz"
url_api = "https://api.github.com/repos/tombi-toml/tombi/releases/assets/599243074"
provenance = "github-attestations"

[tools.tombi."platforms.linux-x64"]
checksum = "sha256:53f3a910a673eb05482cc720e3c1bb197b94f43496363394cffe22cab7a12222"
url = "https://github.com/tombi-toml/tombi/releases/download/v1.5.10/tombi-cli-1.5.10-x86_64-unknown-linux-musl.tar.gz"
url_api = "https://api.github.com/repos/tombi-toml/tombi/releases/assets/599243139"
provenance = "github-attestations"

[tools.tombi."platforms.linux-x64-musl"]
checksum = "sha256:53f3a910a673eb05482cc720e3c1bb197b94f43496363394cffe22cab7a12222"
url = "https://github.com/tombi-toml/tombi/releases/download/v1.5.10/tombi-cli-1.5.10-x86_64-unknown-linux-musl.tar.gz"
url_api = "https://api.github.com/repos/tombi-toml/tombi/releases/assets/599243139"
provenance = "github-attestations"

[tools.tombi."platforms.macos-arm64"]
checksum = "sha256:3d860107751adc7d14e72d1924425227daecde5ef83be6b1b00ebdf50a81eb08"
url = "https://github.com/tombi-toml/tombi/releases/download/v1.5.10/tombi-cli-1.5.10-aarch64-apple-darwin.tar.gz"
url_api = "https://api.github.com/repos/tombi-toml/tombi/releases/assets/599243075"
provenance = "github-attestations"

[tools.tombi."platforms.macos-x64"]
checksum = "sha256:ec0e0bfec103ac9136d3ac3a1cfe9e814ad7b52af4dd425a01b2fa0425a8d515"
url = "https://github.com/tombi-toml/tombi/releases/download/v1.5.10/tombi-cli-1.5.10-x86_64-apple-darwin.tar.gz"
url_api = "https://api.github.com/repos/tombi-toml/tombi/releases/assets/599243073"
provenance = "github-attestations"

[tools.tombi."platforms.windows-x64"]
checksum = "sha256:769695f5b49048450c6775135ec40b33bf1d50b1d0dbcacded46aade4b526941"
url = "https://github.com/tombi-toml/tombi/releases/download/v1.5.10/tombi-cli-1.5.10-x86_64-pc-windows-msvc.zip"
url_api = "https://api.github.com/repos/tombi-toml/tombi/releases/assets/599243132"
provenance = "github-attestations"
