# @generated - this file is auto-generated by `mise lock` https://mise.jdx.dev/dev-tools/mise-lock.html

lockfile_version = 3

[[tools.dprint]]
version = "0.60.1"
backend = "github:kjanat/dprint"
specifiers = ["latest"]

[[tools."github:kjanat/dprint"]]
version = "0.59.0-kjanat"
backend = "github:kjanat/dprint"
specifiers = ["latest"]

[tools."github:kjanat/dprint"."platforms.linux-arm64"]
checksum = "sha256:78be7c4abd67d37ab27e9cc3e415efb6dcc38f3d3170c17b63fd20ac796c0d73"
url = "https://github.com/kjanat/dprint/releases/download/0.59.0-kjanat/dprint-aarch64-unknown-linux-gnu.zip"
url_api = "https://api.github.com/repos/kjanat/dprint/releases/assets/621547837"

[tools."github:kjanat/dprint"."platforms.linux-arm64-musl"]
checksum = "sha256:31162a16e2ce864d77780844cfa40978fcbe4789c2d019782748e98bf8cf9b6b"
url = "https://github.com/kjanat/dprint/releases/download/0.59.0-kjanat/dprint-aarch64-unknown-linux-musl.zip"
url_api = "https://api.github.com/repos/kjanat/dprint/releases/assets/621547835"

[tools."github:kjanat/dprint"."platforms.linux-x64"]
checksum = "sha256:e6027824dd7195b658e8cfaccd7c36bd127bbbba894b888af74da9159cf683a0"
url = "https://github.com/kjanat/dprint/releases/download/0.59.0-kjanat/dprint-x86_64-unknown-linux-gnu.zip"
url_api = "https://api.github.com/repos/kjanat/dprint/releases/assets/621547953"

[tools."github:kjanat/dprint"."platforms.linux-x64-musl"]
checksum = "sha256:5873915813665e6509692edc738eeab9a9471025caa50ec1ba79250d67b794cd"
url = "https://github.com/kjanat/dprint/releases/download/0.59.0-kjanat/dprint-x86_64-unknown-linux-musl.zip"
url_api = "https://api.github.com/repos/kjanat/dprint/releases/assets/621547960"

[tools."github:kjanat/dprint"."platforms.macos-arm64"]
checksum = "sha256:c1c96e341b8d0ac5cabee70741fd1bc58ad9c36a7d909eaf83600f11510834a9"
url = "https://github.com/kjanat/dprint/releases/download/0.59.0-kjanat/dprint-aarch64-apple-darwin.zip"
url_api = "https://api.github.com/repos/kjanat/dprint/releases/assets/621547836"

[tools."github:kjanat/dprint"."platforms.macos-x64"]
checksum = "sha256:668dc1c8a4181ef13ed5790344004c8704ceb93d6180d85be66e8f2f4e2b4709"
url = "https://github.com/kjanat/dprint/releases/download/0.59.0-kjanat/dprint-x86_64-apple-darwin.zip"
url_api = "https://api.github.com/repos/kjanat/dprint/releases/assets/621547950"

[tools."github:kjanat/dprint"."platforms.windows-x64"]
checksum = "sha256:1d45d5dd911b315527b6e0d1d95e79f5e6b3d1b93b8a550c78efedd35e719f58"
url = "https://github.com/kjanat/dprint/releases/download/0.59.0-kjanat/dprint-x86_64-pc-windows-msvc.zip"
url_api = "https://api.github.com/repos/kjanat/dprint/releases/assets/621627221"

[[tools.hyperfine]]
version = "1.20.0"
backend = "aqua:sharkdp/hyperfine"
specifiers = [
    "1.20.0",
    "latest",
]

[tools.hyperfine."platforms.linux-arm64"]
checksum = "sha256:90875cb1db7a1d797c311174d061728361e58fc70e3b62262a00635ac3b1997c"
url = "https://github.com/sharkdp/hyperfine/releases/download/v1.20.0/hyperfine-v1.20.0-aarch64-unknown-linux-gnu.tar.gz"
url_api = "https://api.github.com/repos/sharkdp/hyperfine/releases/assets/317832112"

[tools.hyperfine."platforms.linux-arm64-musl"]
checksum = "sha256:90875cb1db7a1d797c311174d061728361e58fc70e3b62262a00635ac3b1997c"
url = "https://github.com/sharkdp/hyperfine/releases/download/v1.20.0/hyperfine-v1.20.0-aarch64-unknown-linux-gnu.tar.gz"
url_api = "https://api.github.com/repos/sharkdp/hyperfine/releases/assets/317832112"

[tools.hyperfine."platforms.linux-x64"]
checksum = "sha256:63ad53934062118f5b0be11785e0bb1603d4b91667d1921f2fd8df9a8712040a"
url = "https://github.com/sharkdp/hyperfine/releases/download/v1.20.0/hyperfine-v1.20.0-x86_64-unknown-linux-gnu.tar.gz"
url_api = "https://api.github.com/repos/sharkdp/hyperfine/releases/assets/317831911"

[tools.hyperfine."platforms.linux-x64-musl"]
checksum = "sha256:3285ec7959285288137043dd81dce0dde056227018a8277532d9a364b4f03c2b"
url = "https://github.com/sharkdp/hyperfine/releases/download/v1.20.0/hyperfine-v1.20.0-x86_64-unknown-linux-musl.tar.gz"
url_api = "https://api.github.com/repos/sharkdp/hyperfine/releases/assets/317832008"

[tools.hyperfine."platforms.macos-arm64"]
checksum = "sha256:f58d0b90993fadfa122a351428c469ce24afef3865f027f0e6e86f0830d088f1"
url = "https://github.com/sharkdp/hyperfine/releases/download/v1.20.0/hyperfine-v1.20.0-x86_64-apple-darwin.tar.gz"
url_api = "https://api.github.com/repos/sharkdp/hyperfine/releases/assets/317832526"

[tools.hyperfine."platforms.macos-x64"]
checksum = "sha256:f58d0b90993fadfa122a351428c469ce24afef3865f027f0e6e86f0830d088f1"
url = "https://github.com/sharkdp/hyperfine/releases/download/v1.20.0/hyperfine-v1.20.0-x86_64-apple-darwin.tar.gz"
url_api = "https://api.github.com/repos/sharkdp/hyperfine/releases/assets/317832526"

[tools.hyperfine."platforms.windows-x64"]
checksum = "sha256:2508c549b049b1d4342d08edc1cb42bfac169082b6e3069431b5bab9822dbb32"
url = "https://github.com/sharkdp/hyperfine/releases/download/v1.20.0/hyperfine-v1.20.0-x86_64-pc-windows-msvc.zip"
url_api = "https://api.github.com/repos/sharkdp/hyperfine/releases/assets/317832313"

[[tools.python]]
version = "3.14.8"
backend = "core:python"
specifiers = ["3.14"]

[tools.python."platforms.linux-arm64"]
checksum = "sha256:4395ae16388f9d3409cba7e20161753ed3359b13d959345415029f874f675162"
url = "https://github.com/astral-sh/python-build-standalone/releases/download/20261001/cpython-3.14.8+20261001-aarch64-unknown-linux-gnu-install_only_stripped.tar.gz"
provenance = "github-attestations"

[tools.python."platforms.linux-arm64-musl"]
checksum = "sha256:d077f2fd670a512b7d681efb72d2d07e51b7b8ae3a7071a9fc53f4ffd3af909f"
url = "https://github.com/astral-sh/python-build-standalone/releases/download/20261001/cpython-3.14.8+20261001-aarch64-unknown-linux-musl-install_only_stripped.tar.gz"
provenance = "github-attestations"

[tools.python."platforms.linux-x64"]
checksum = "sha256:b373a4a4e4e70fc05f368c9b53d7738bf37637682b650d96c742805d2da26c32"
url = "https://github.com/astral-sh/python-build-standalone/releases/download/20261001/cpython-3.14.8+20261001-x86_64-unknown-linux-gnu-install_only_stripped.tar.gz"
provenance = "github-attestations"

[tools.python."platforms.linux-x64-musl"]
checksum = "sha256:be3be86e35b47628b67748d629342847f12767a32fd0507e0f429088c59f145d"
url = "https://github.com/astral-sh/python-build-standalone/releases/download/20261001/cpython-3.14.8+20261001-x86_64-unknown-linux-musl-install_only_stripped.tar.gz"
provenance = "github-attestations"

[tools.python."platforms.macos-arm64"]
checksum = "sha256:69e48cd7f54261df5b6abbd374f69fe6e496fa781d271592aeef49cd5ffbea6c"
url = "https://github.com/astral-sh/python-build-standalone/releases/download/20261001/cpython-3.14.8+20261001-aarch64-apple-darwin-install_only_stripped.tar.gz"
provenance = "github-attestations"

[tools.python."platforms.macos-x64"]
checksum = "sha256:d613a1cb9e31dd512298c73fd300975e689938cc39d1486250cf47918963061c"
url = "https://github.com/astral-sh/python-build-standalone/releases/download/20261001/cpython-3.14.8+20261001-x86_64-apple-darwin-install_only_stripped.tar.gz"
provenance = "github-attestations"

[tools.python."platforms.windows-x64"]
checksum = "sha256:b7ff8b700995379e425b39abce9b087d84a45aa265ea465c0069c2747ea5b2ea"
url = "https://github.com/astral-sh/python-build-standalone/releases/download/20261001/cpython-3.14.8+20261001-x86_64-pc-windows-msvc-install_only_stripped.tar.gz"
provenance = "github-attestations"

[[tools.ruff]]
version = "0.17.0"
backend = "aqua:astral-sh/ruff"
specifiers = ["latest"]

[tools.ruff."platforms.linux-arm64"]
checksum = "sha256:294e181ba6ccb0c2ffd778580e3c42b19f038bdbcb844f39fd9a6a26e8148804"
url = "https://github.com/astral-sh/ruff/releases/download/0.17.0/ruff-aarch64-unknown-linux-gnu.tar.gz"
url_api = "https://api.github.com/repos/astral-sh/ruff/releases/assets/625999236"
provenance = "github-attestations"

[tools.ruff."platforms.linux-arm64-musl"]
checksum = "sha256:cac779097e34bf1ca40175b4bacf8fca7a92fce5030bfc3edf1fd357428a33b0"
url = "https://github.com/astral-sh/ruff/releases/download/0.17.0/ruff-aarch64-unknown-linux-musl.tar.gz"
url_api = "https://api.github.com/repos/astral-sh/ruff/releases/assets/625999241"
provenance = "github-attestations"

[tools.ruff."platforms.linux-x64"]
checksum = "sha256:c94fc1dc71f054d06d9f1149442dcb471516aa2b7d4b7e8124e05d082d4c91d3"
url = "https://github.com/astral-sh/ruff/releases/download/0.17.0/ruff-x86_64-unknown-linux-gnu.tar.gz"
url_api = "https://api.github.com/repos/astral-sh/ruff/releases/assets/625999382"
provenance = "github-attestations"

[tools.ruff."platforms.linux-x64-musl"]
checksum = "sha256:0df9421fd0df9aa7a62dab4d1086e085b7c7888b6343fc5a9c5f630771d61aae"
url = "https://github.com/astral-sh/ruff/releases/download/0.17.0/ruff-x86_64-unknown-linux-musl.tar.gz"
url_api = "https://api.github.com/repos/astral-sh/ruff/releases/assets/625999398"
provenance = "github-attestations"

[tools.ruff."platforms.macos-arm64"]
checksum = "sha256:59afe64c227e5f9a39d85c4d6be6e2d8e9a85c55f0887baad9c9e2f775a1c119"
url = "https://github.com/astral-sh/ruff/releases/download/0.17.0/ruff-aarch64-apple-darwin.tar.gz"
url_api = "https://api.github.com/repos/astral-sh/ruff/releases/assets/625999213"
provenance = "github-attestations"

[tools.ruff."platforms.macos-x64"]
checksum = "sha256:1b6a10f57aa06f0de2d90666878dd875836e3e2d04f61868fa175a74149fb2ad"
url = "https://github.com/astral-sh/ruff/releases/download/0.17.0/ruff-x86_64-apple-darwin.tar.gz"
url_api = "https://api.github.com/repos/astral-sh/ruff/releases/assets/625999365"
provenance = "github-attestations"

[tools.ruff."platforms.windows-x64"]
checksum = "sha256:bc831eaa01912323099d7bc185981bf6bb1960931350bd3ad6a82f7a59a46c3b"
url = "https://github.com/astral-sh/ruff/releases/download/0.17.0/ruff-x86_64-pc-windows-msvc.zip"
url_api = "https://api.github.com/repos/astral-sh/ruff/releases/assets/625999369"
provenance = "github-attestations"

[[tools.runner-run]]
version = "0.27.1"
backend = "github:kjanat/runner"
specifiers = [
    "0.27.1",
    "latest",
]

[tools.runner-run."platforms.linux-arm64"]
checksum = "sha256:e8dccd019e50909c8fad16b9ecc9fad408c0f12bdd9f76b75bb609b9b2d8cb7b"
url = "https://github.com/kjanat/runner/releases/download/v0.27.1/runner-v0.27.1-aarch64-unknown-linux-gnu.tar.gz"
url_api = "https://api.github.com/repos/kjanat/runner/releases/assets/600423383"
provenance = "github-attestations"

[tools.runner-run."platforms.linux-arm64-musl"]
checksum = "sha256:8bbb24727fa75277d8a097a1b7c9e0c68fbec6767b450ef47bc9effcb39442dd"
url = "https://github.com/kjanat/runner/releases/download/v0.27.1/runner-v0.27.1-aarch64-unknown-linux-musl.tar.gz"
url_api = "https://api.github.com/repos/kjanat/runner/releases/assets/600423661"
provenance = "github-attestations"

[tools.runner-run."platforms.linux-x64"]
checksum = "sha256:11a0bda23d49f7ae63e07c5d27e17434c49cf616418f40dd6a04c6a0e2a037e8"
url = "https://github.com/kjanat/runner/releases/download/v0.27.1/runner-v0.27.1-x86_64-unknown-linux-gnu.tar.gz"
url_api = "https://api.github.com/repos/kjanat/runner/releases/assets/600421970"
provenance = "github-attestations"

[tools.runner-run."platforms.linux-x64-musl"]
checksum = "sha256:9efe7c00f5584f5a387bf4c5b5b663491494b3f38b0592fa4bb352b2435a9b98"
url = "https://github.com/kjanat/runner/releases/download/v0.27.1/runner-v0.27.1-x86_64-unknown-linux-musl.tar.gz"
url_api = "https://api.github.com/repos/kjanat/runner/releases/assets/600423479"
provenance = "github-attestations"

[tools.runner-run."platforms.macos-arm64"]
checksum = "sha256:f04350e77d5669e34af29cd133cf1eb872a5fbf269da8d0cff91876906545be5"
url = "https://github.com/kjanat/runner/releases/download/v0.27.1/runner-v0.27.1-aarch64-apple-darwin.tar.gz"
url_api = "https://api.github.com/repos/kjanat/runner/releases/assets/600423815"
provenance = "github-attestations"

[tools.runner-run."platforms.macos-x64"]
checksum = "sha256:5e19e8b89e92da2f47739be69c74446652f6d0c29031a4af081e2cc083ec09d8"
url = "https://github.com/kjanat/runner/releases/download/v0.27.1/runner-v0.27.1-x86_64-apple-darwin.tar.gz"
url_api = "https://api.github.com/repos/kjanat/runner/releases/assets/600427200"
provenance = "github-attestations"

[tools.runner-run."platforms.windows-x64"]
checksum = "sha256:721007318fc1be52dfb7256488b5d8ca120732acfab6cf85df60230930f955ed"
url = "https://github.com/kjanat/runner/releases/download/v0.27.1/runner-v0.27.1-x86_64-pc-windows-msvc.tar.gz"
url_api = "https://api.github.com/repos/kjanat/runner/releases/assets/600424284"
provenance = "github-attestations"

[[tools.rust]]
version = "1.99.0"
backend = "core:rust"
specifiers = ["latest"]

[[tools.shellcheck]]
version = "0.11.0"
backend = "aqua:koalaman/shellcheck"
specifiers = ["latest"]

[tools.shellcheck."platforms.linux-arm64"]
checksum = "sha256:12b331c1d2db6b9eb13cfca64306b1b157a86eb69db83023e261eaa7e7c14588"
url = "https://github.com/koalaman/shellcheck/releases/download/v0.11.0/shellcheck-v0.11.0.linux.aarch64.tar.xz"
url_api = "https://api.github.com/repos/koalaman/shellcheck/releases/assets/279056934"

[tools.shellcheck."platforms.linux-arm64-musl"]
checksum = "sha256:12b331c1d2db6b9eb13cfca64306b1b157a86eb69db83023e261eaa7e7c14588"
url = "https://github.com/koalaman/shellcheck/releases/download/v0.11.0/shellcheck-v0.11.0.linux.aarch64.tar.xz"
url_api = "https://api.github.com/repos/koalaman/shellcheck/releases/assets/279056934"

[tools.shellcheck."platforms.linux-x64"]
checksum = "sha256:8c3be12b05d5c177a04c29e3c78ce89ac86f1595681cab149b65b97c4e227198"
url = "https://github.com/koalaman/shellcheck/releases/download/v0.11.0/shellcheck-v0.11.0.linux.x86_64.tar.xz"
url_api = "https://api.github.com/repos/koalaman/shellcheck/releases/assets/279056942"

[tools.shellcheck."platforms.linux-x64-musl"]
checksum = "sha256:8c3be12b05d5c177a04c29e3c78ce89ac86f1595681cab149b65b97c4e227198"
url = "https://github.com/koalaman/shellcheck/releases/download/v0.11.0/shellcheck-v0.11.0.linux.x86_64.tar.xz"
url_api = "https://api.github.com/repos/koalaman/shellcheck/releases/assets/279056942"

[tools.shellcheck."platforms.macos-arm64"]
checksum = "sha256:56affdd8de5527894dca6dc3d7e0a99a873b0f004d7aabc30ae407d3f48b0a79"
url = "https://github.com/koalaman/shellcheck/releases/download/v0.11.0/shellcheck-v0.11.0.darwin.aarch64.tar.xz"
url_api = "https://api.github.com/repos/koalaman/shellcheck/releases/assets/279056932"

[tools.shellcheck."platforms.macos-x64"]
checksum = "sha256:3c89db4edcab7cf1c27bff178882e0f6f27f7afdf54e859fa041fca10febe4c6"
url = "https://github.com/koalaman/shellcheck/releases/download/v0.11.0/shellcheck-v0.11.0.darwin.x86_64.tar.xz"
url_api = "https://api.github.com/repos/koalaman/shellcheck/releases/assets/279056930"

[tools.shellcheck."platforms.windows-x64"]
checksum = "sha256:8a4e35ab0b331c85d73567b12f2a444df187f483e5079ceffa6bda1faa2e740e"
url = "https://github.com/koalaman/shellcheck/releases/download/v0.11.0/shellcheck-v0.11.0.zip"
url_api = "https://api.github.com/repos/koalaman/shellcheck/releases/assets/279056944"

[[tools.uv]]
version = "0.12.23"
backend = "aqua:astral-sh/uv"
specifiers = ["0.12.23"]

[tools.uv."platforms.linux-arm64"]
checksum = "sha256:6524bd338177ed50d035d39354e12545e993bbeba2ecbddf0480c5b3a81d313f"
url = "https://github.com/astral-sh/uv/releases/download/0.12.23/uv-aarch64-unknown-linux-gnu.tar.gz"
url_api = "https://api.github.com/repos/astral-sh/uv/releases/assets/608232491"
provenance = "github-attestations"

[tools.uv."platforms.linux-arm64-musl"]
checksum = "sha256:b536543cc4d50661986b165c76ee8aa9056e4fa332edcd153ff2e98760f9359b"
url = "https://github.com/astral-sh/uv/releases/download/0.12.23/uv-aarch64-unknown-linux-musl.tar.gz"
url_api = "https://api.github.com/repos/astral-sh/uv/releases/assets/608232500"
provenance = "github-attestations"

[tools.uv."platforms.linux-x64"]
checksum = "sha256:9167d72b3319674b6303c4cbe071854bba13ebdf3d76b1a7cbdc175471fb66d6"
url = "https://github.com/astral-sh/uv/releases/download/0.12.23/uv-x86_64-unknown-linux-gnu.tar.gz"
url_api = "https://api.github.com/repos/astral-sh/uv/releases/assets/608232628"
provenance = "github-attestations"

[tools.uv."platforms.linux-x64-musl"]
checksum = "sha256:1cff8783850e794470aadb73f54b749542a511fc57b0ce6468b64bd3852e0ade"
url = "https://github.com/astral-sh/uv/releases/download/0.12.23/uv-x86_64-unknown-linux-musl.tar.gz"
url_api = "https://api.github.com/repos/astral-sh/uv/releases/assets/608232639"
provenance = "github-attestations"

[tools.uv."platforms.macos-arm64"]
checksum = "sha256:50487ae565ccd96e499056b4674d438f4c53170202617b4c759defe0c6a1b544"
url = "https://github.com/astral-sh/uv/releases/download/0.12.23/uv-aarch64-apple-darwin.tar.gz"
url_api = "https://api.github.com/repos/astral-sh/uv/releases/assets/608232483"
provenance = "github-attestations"

[tools.uv."platforms.macos-x64"]
checksum = "sha256:960da44cb4b73685206ddd250b19e0a117fa41095710c1038f081f5cb613efb4"
url = "https://github.com/astral-sh/uv/releases/download/0.12.23/uv-x86_64-apple-darwin.tar.gz"
url_api = "https://api.github.com/repos/astral-sh/uv/releases/assets/608232607"
provenance = "github-attestations"

[tools.uv."platforms.windows-x64"]
checksum = "sha256:75d05de6762778c31ee183398de7dd15093fad0ed90b1f236d8205ea5ec00c90"
url = "https://github.com/astral-sh/uv/releases/download/0.12.23/uv-x86_64-pc-windows-msvc.zip"
url_api = "https://api.github.com/repos/astral-sh/uv/releases/assets/608232617"
provenance = "github-attestations"
